
Microsoft Visual Studio Solution File, Format Version 12.00
# Visual Studio 15
VisualStudioVersion = 15.0.27703.2042
MinimumVisualStudioVersion = 10.0.40219.1
Project("{FAE04EC0-301F-11D3-BF4B-00C04F79EFBC}") = "CarDealer.App", "CarDealer.App\CarDealer.App.csproj", "{BC019C00-307F-435F-BA5B-659C819BA0F2}"
EndProject
Project("{FAE04EC0-301F-11D3-BF4B-00C04F79EFBC}") = "CarDealer.Data", "CarDealer.Data\CarDealer.Data.csproj", "{159CB978-2BF6-4A92-990D-8212508C9C6E}"
EndProject
Project("{FAE04EC0-301F-11D3-BF4B-00C04F79EFBC}") = "CarDealer.Models", "CarDealer.Models\CarDealer.Models.csproj", "{C50DD432-DDAA-4A37-8412-E754685DD779}"
EndProject
Global
	GlobalSection(SolutionConfigurationPlatforms) = preSolution
		Debug|Any CPU = Debug|Any CPU
		Release|Any CPU = Release|Any CPU
	EndGlobalSection
	GlobalSection(ProjectConfigurationPlatforms) = postSolution
		{BC019C00-307F-435F-BA5B-659C819BA0F2}.Debug|Any CPU.ActiveCfg = Debug|Any CPU
		{BC019C00-307F-435F-BA5B-659C819BA0F2}.Debug|Any CPU.Build.0 = Debug|Any CPU
		{BC019C00-307F-435F-BA5B-659C819BA0F2}.Release|Any CPU.ActiveCfg = Release|Any CPU
		{BC019C00-307F-435F-BA5B-659C819BA0F2}.Release|Any CPU.Build.0 = Release|Any CPU
		{159CB978-2BF6-4A92-990D-8212508C9C6E}.Debug|Any CPU.ActiveCfg = Debug|Any CPU
		{159CB978-2BF6-4A92-990D-8212508C9C6E}.Debug|Any CPU.Build.0 = Debug|Any CPU
		{159CB978-2BF6-4A92-990D-8212508C9C6E}.Release|Any CPU.ActiveCfg = Release|Any CPU
		{159CB978-2BF6-4A92-990D-8212508C9C6E}.Release|Any CPU.Build.0 = Release|Any CPU
		{C50DD432-DDAA-4A37-8412-E754685DD779}.Debug|Any CPU.ActiveCfg = Debug|Any CPU
		{C50DD432-DDAA-4A37-8412-E754685DD779}.Debug|Any CPU.Build.0 = Debug|Any CPU
		{C50DD432-DDAA-4A37-8412-E754685DD779}.Release|Any CPU.ActiveCfg = Release|Any CPU
		{C50DD432-DDAA-4A37-8412-E754685DD779}.Release|Any CPU.Build.0 = Release|Any CPU
	EndGlobalSection
	GlobalSection(SolutionProperties) = preSolution
		HideSolutionNode = FALSE
	EndGlobalSection
	GlobalSection(ExtensibilityGlobals) = postSolution
		SolutionGuid = {12415C96-329F-4FAC-A5C3-AA0310397465}
	EndGlobalSection
EndGlobal
