
Microsoft Visual Studio Solution File, Format Version 12.00
# Visual Studio 15
VisualStudioVersion = 15.0.27703.2042
MinimumVisualStudioVersion = 10.0.40219.1
Project("{FAE04EC0-301F-11D3-BF4B-00C04F79EFBC}") = "ProductShop.App", "ProductShop.App\ProductShop.App.csproj", "{BD9A0573-49C1-4459-836D-54A7C910F98A}"
EndProject
Project("{FAE04EC0-301F-11D3-BF4B-00C04F79EFBC}") = "ProductShop.Data", "ProductShop.Data\ProductShop.Data.csproj", "{2DB6D351-9935-4D64-AC1D-CD7F03D9F596}"
EndProject
Project("{FAE04EC0-301F-11D3-BF4B-00C04F79EFBC}") = "ProductShop.Models", "ProductShop.Models\ProductShop.Models.csproj", "{391AE140-189E-4738-A38E-7B54587FBE43}"
EndProject
Global
	GlobalSection(SolutionConfigurationPlatforms) = preSolution
		Debug|Any CPU = Debug|Any CPU
		Release|Any CPU = Release|Any CPU
	EndGlobalSection
	GlobalSection(ProjectConfigurationPlatforms) = postSolution
		{BD9A0573-49C1-4459-836D-54A7C910F98A}.Debug|Any CPU.ActiveCfg = Debug|Any CPU
		{BD9A0573-49C1-4459-836D-54A7C910F98A}.Debug|Any CPU.Build.0 = Debug|Any CPU
		{BD9A0573-49C1-4459-836D-54A7C910F98A}.Release|Any CPU.ActiveCfg = Release|Any CPU
		{BD9A0573-49C1-4459-836D-54A7C910F98A}.Release|Any CPU.Build.0 = Release|Any CPU
		{2DB6D351-9935-4D64-AC1D-CD7F03D9F596}.Debug|Any CPU.ActiveCfg = Debug|Any CPU
		{2DB6D351-9935-4D64-AC1D-CD7F03D9F596}.Debug|Any CPU.Build.0 = Debug|Any CPU
		{2DB6D351-9935-4D64-AC1D-CD7F03D9F596}.Release|Any CPU.ActiveCfg = Release|Any CPU
		{2DB6D351-9935-4D64-AC1D-CD7F03D9F596}.Release|Any CPU.Build.0 = Release|Any CPU
		{391AE140-189E-4738-A38E-7B54587FBE43}.Debug|Any CPU.ActiveCfg = Debug|Any CPU
		{391AE140-189E-4738-A38E-7B54587FBE43}.Debug|Any CPU.Build.0 = Debug|Any CPU
		{391AE140-189E-4738-A38E-7B54587FBE43}.Release|Any CPU.ActiveCfg = Release|Any CPU
		{391AE140-189E-4738-A38E-7B54587FBE43}.Release|Any CPU.Build.0 = Release|Any CPU
	EndGlobalSection
	GlobalSection(SolutionProperties) = preSolution
		HideSolutionNode = FALSE
	EndGlobalSection
	GlobalSection(ExtensibilityGlobals) = postSolution
		SolutionGuid = {B266C735-55FA-4EDC-A5C7-7B50AD41D719}
	EndGlobalSection
EndGlobal
