
Microsoft Visual Studio Solution File, Format Version 12.00
# Visual Studio 15
VisualStudioVersion = 15.0.27703.2042
MinimumVisualStudioVersion = 10.0.40219.1
Project("{FAE04EC0-301F-11D3-BF4B-00C04F79EFBC}") = "CarDealer.App", "CarDealer\CarDealer.App.csproj", "{731EB5F1-967A-472C-B832-AE98D52B3EB2}"
EndProject
Project("{FAE04EC0-301F-11D3-BF4B-00C04F79EFBC}") = "CarDealer.Data", "CarDealer.Data\CarDealer.Data.csproj", "{BF3ECEC5-6A17-4A8D-A556-0072C26C653D}"
EndProject
Project("{FAE04EC0-301F-11D3-BF4B-00C04F79EFBC}") = "CarDealer.Models", "CarDealer.Models\CarDealer.Models.csproj", "{9792AFCD-F728-4180-9E81-135B33CD6052}"
EndProject
Global
	GlobalSection(SolutionConfigurationPlatforms) = preSolution
		Debug|Any CPU = Debug|Any CPU
		Release|Any CPU = Release|Any CPU
	EndGlobalSection
	GlobalSection(ProjectConfigurationPlatforms) = postSolution
		{731EB5F1-967A-472C-B832-AE98D52B3EB2}.Debug|Any CPU.ActiveCfg = Debug|Any CPU
		{731EB5F1-967A-472C-B832-AE98D52B3EB2}.Debug|Any CPU.Build.0 = Debug|Any CPU
		{731EB5F1-967A-472C-B832-AE98D52B3EB2}.Release|Any CPU.ActiveCfg = Release|Any CPU
		{731EB5F1-967A-472C-B832-AE98D52B3EB2}.Release|Any CPU.Build.0 = Release|Any CPU
		{BF3ECEC5-6A17-4A8D-A556-0072C26C653D}.Debug|Any CPU.ActiveCfg = Debug|Any CPU
		{BF3ECEC5-6A17-4A8D-A556-0072C26C653D}.Debug|Any CPU.Build.0 = Debug|Any CPU
		{BF3ECEC5-6A17-4A8D-A556-0072C26C653D}.Release|Any CPU.ActiveCfg = Release|Any CPU
		{BF3ECEC5-6A17-4A8D-A556-0072C26C653D}.Release|Any CPU.Build.0 = Release|Any CPU
		{9792AFCD-F728-4180-9E81-135B33CD6052}.Debug|Any CPU.ActiveCfg = Debug|Any CPU
		{9792AFCD-F728-4180-9E81-135B33CD6052}.Debug|Any CPU.Build.0 = Debug|Any CPU
		{9792AFCD-F728-4180-9E81-135B33CD6052}.Release|Any CPU.ActiveCfg = Release|Any CPU
		{9792AFCD-F728-4180-9E81-135B33CD6052}.Release|Any CPU.Build.0 = Release|Any CPU
	EndGlobalSection
	GlobalSection(SolutionProperties) = preSolution
		HideSolutionNode = FALSE
	EndGlobalSection
	GlobalSection(ExtensibilityGlobals) = postSolution
		SolutionGuid = {1FB78F26-6CFB-4957-9553-502697D0DA6E}
	EndGlobalSection
EndGlobal
