
Microsoft Visual Studio Solution File, Format Version 12.00
# Visual Studio 15
VisualStudioVersion = 15.0.27703.2042
MinimumVisualStudioVersion = 10.0.40219.1
Project("{9A19103F-16F7-4668-BE54-9A1E7A4F7556}") = "TeamBuilder.App", "TeamBuilder.App\TeamBuilder.App.csproj", "{1CB3A753-46D8-455A-B506-81FA754AD560}"
EndProject
Project("{9A19103F-16F7-4668-BE54-9A1E7A4F7556}") = "TeamBuilder.Models", "TeamBuilder.Models\TeamBuilder.Models.csproj", "{2FDE45DA-35D3-48F6-A147-56BBDC6E7862}"
EndProject
Project("{FAE04EC0-301F-11D3-BF4B-00C04F79EFBC}") = "TeamBuilder.Data", "TeamBuilder.Data\TeamBuilder.Data.csproj", "{210ABE94-DCC0-4B81-91D6-CC39D0251605}"
EndProject
Global
	GlobalSection(SolutionConfigurationPlatforms) = preSolution
		Debug|Any CPU = Debug|Any CPU
		Release|Any CPU = Release|Any CPU
	EndGlobalSection
	GlobalSection(ProjectConfigurationPlatforms) = postSolution
		{1CB3A753-46D8-455A-B506-81FA754AD560}.Debug|Any CPU.ActiveCfg = Debug|Any CPU
		{1CB3A753-46D8-455A-B506-81FA754AD560}.Debug|Any CPU.Build.0 = Debug|Any CPU
		{1CB3A753-46D8-455A-B506-81FA754AD560}.Release|Any CPU.ActiveCfg = Release|Any CPU
		{1CB3A753-46D8-455A-B506-81FA754AD560}.Release|Any CPU.Build.0 = Release|Any CPU
		{2FDE45DA-35D3-48F6-A147-56BBDC6E7862}.Debug|Any CPU.ActiveCfg = Debug|Any CPU
		{2FDE45DA-35D3-48F6-A147-56BBDC6E7862}.Debug|Any CPU.Build.0 = Debug|Any CPU
		{2FDE45DA-35D3-48F6-A147-56BBDC6E7862}.Release|Any CPU.ActiveCfg = Release|Any CPU
		{2FDE45DA-35D3-48F6-A147-56BBDC6E7862}.Release|Any CPU.Build.0 = Release|Any CPU
		{210ABE94-DCC0-4B81-91D6-CC39D0251605}.Debug|Any CPU.ActiveCfg = Debug|Any CPU
		{210ABE94-DCC0-4B81-91D6-CC39D0251605}.Debug|Any CPU.Build.0 = Debug|Any CPU
		{210ABE94-DCC0-4B81-91D6-CC39D0251605}.Release|Any CPU.ActiveCfg = Release|Any CPU
		{210ABE94-DCC0-4B81-91D6-CC39D0251605}.Release|Any CPU.Build.0 = Release|Any CPU
	EndGlobalSection
	GlobalSection(SolutionProperties) = preSolution
		HideSolutionNode = FALSE
	EndGlobalSection
	GlobalSection(ExtensibilityGlobals) = postSolution
		SolutionGuid = {6BE457D7-9FBC-4959-9DCC-CE687DA2204F}
	EndGlobalSection
EndGlobal
