
Microsoft Visual Studio Solution File, Format Version 12.00
# Visual Studio 15
VisualStudioVersion = 15.0.27703.2035
MinimumVisualStudioVersion = 10.0.40219.1
Project("{FAE04EC0-301F-11D3-BF4B-00C04F79EFBC}") = "P03_SalesDatabase", "P03_SalesDatabase\P03_SalesDatabase.csproj", "{E85D8D1B-2372-4F77-96BC-26D3BCB7E4B5}"
EndProject
Global
	GlobalSection(SolutionConfigurationPlatforms) = preSolution
		Debug|Any CPU = Debug|Any CPU
		Release|Any CPU = Release|Any CPU
	EndGlobalSection
	GlobalSection(ProjectConfigurationPlatforms) = postSolution
		{E85D8D1B-2372-4F77-96BC-26D3BCB7E4B5}.Debug|Any CPU.ActiveCfg = Debug|Any CPU
		{E85D8D1B-2372-4F77-96BC-26D3BCB7E4B5}.Debug|Any CPU.Build.0 = Debug|Any CPU
		{E85D8D1B-2372-4F77-96BC-26D3BCB7E4B5}.Release|Any CPU.ActiveCfg = Release|Any CPU
		{E85D8D1B-2372-4F77-96BC-26D3BCB7E4B5}.Release|Any CPU.Build.0 = Release|Any CPU
	EndGlobalSection
	GlobalSection(SolutionProperties) = preSolution
		HideSolutionNode = FALSE
	EndGlobalSection
	GlobalSection(ExtensibilityGlobals) = postSolution
		SolutionGuid = {83A305CC-FC60-47F6-9169-32C4963F0A37}
	EndGlobalSection
EndGlobal
